{
  "version": 4,
  "terraform_version": "1.0.0",
  "serial": 185,
  "lineage": "cdf8eb12-a73a-8304-4b22-44e47ee39135",
  "outputs": {},
  "resources": [
    {
      "module": "module.gke",
      "mode": "managed",
      "type": "google_container_cluster",
      "name": "guestbook-cluster",
      "provider": "provider[\"registry.terraform.io/hashicorp/google\"]",
      "instances": [
        {
          "schema_version": 1,
          "attributes": {
            "addons_config": [
              {
                "cloudrun_config": [],
                "horizontal_pod_autoscaling": [
                  {
                    "disabled": false
                  }
                ],
                "http_load_balancing": [
                  {
                    "disabled": false
                  }
                ],
                "network_policy_config": [
                  {
                    "disabled": true
                  }
                ]
              }
            ],
            "authenticator_groups_config": [],
            "cluster_autoscaling": [
              {
                "auto_provisioning_defaults": [
                  {
                    "oauth_scopes": [
                      "https://www.googleapis.com/auth/logging.write",
                      "https://www.googleapis.com/auth/monitoring"
                    ],
                    "service_account": "default"
                  }
                ],
                "enabled": true,
                "resource_limits": [
                  {
                    "maximum": 1,
                    "minimum": 1,
                    "resource_type": "cpu"
                  },
                  {
                    "maximum": 1,
                    "minimum": 1,
                    "resource_type": "memory"
                  }
                ]
              }
            ],
            "cluster_ipv4_cidr": "10.0.0.0/14",
            "database_encryption": [
              {
                "key_name": "",
                "state": "DECRYPTED"
              }
            ],
            "datapath_provider": "",
            "default_max_pods_per_node": null,
            "default_snat_status": [
              {
                "disabled": false
              }
            ],
            "description": "",
            "enable_autopilot": false,
            "enable_binary_authorization": false,
            "enable_intranode_visibility": false,
            "enable_kubernetes_alpha": false,
            "enable_legacy_abac": false,
            "enable_shielded_nodes": false,
            "enable_tpu": false,
            "endpoint": "35.203.56.39",
            "id": "projects/idyllic-pottery-316421/locations/northamerica-northeast1/clusters/guestbook-cluster",
            "initial_node_count": 1,
            "instance_group_urls": [
              "https://www.googleapis.com/compute/v1/projects/idyllic-pottery-316421/zones/northamerica-northeast1-a/instanceGroups/gke-guestbook-cluster-default-pool-968de3e3-grp",
              "https://www.googleapis.com/compute/v1/projects/idyllic-pottery-316421/zones/northamerica-northeast1-b/instanceGroups/gke-guestbook-cluster-default-pool-887abd40-grp",
              "https://www.googleapis.com/compute/v1/projects/idyllic-pottery-316421/zones/northamerica-northeast1-c/instanceGroups/gke-guestbook-cluster-default-pool-6b869e7e-grp"
            ],
            "ip_allocation_policy": [],
            "label_fingerprint": "a9dc16a7",
            "location": "northamerica-northeast1",
            "logging_service": "logging.googleapis.com/kubernetes",
            "maintenance_policy": [],
            "master_auth": [
              {
                "client_certificate": "",
                "client_certificate_config": [
                  {
                    "issue_client_certificate": false
                  }
                ],
                "client_key": "",
                "cluster_ca_certificate": "LS0tLS1CRUdJTiBDRVJUSUZJQ0FURS0tLS0tCk1JSURLakNDQWhLZ0F3SUJBZ0lRS0ZkSzdFZk1OUFQzV3hhZ05SZmJqakFOQmdrcWhraUc5dzBCQVFzRkFEQXYKTVMwd0t3WURWUVFERXlRMU5tRXdZamRtTlMweU5tUm1MVFExTURRdE9UTmhNaTAyTldZNE16RTJNRGN3T1RJdwpIaGNOTWpFd05qRTBNVGN4TURFM1doY05Nall3TmpFek1UZ3hNREUzV2pBdk1TMHdLd1lEVlFRREV5UTFObUV3CllqZG1OUzB5Tm1SbUxUUTFNRFF0T1ROaE1pMDJOV1k0TXpFMk1EY3dPVEl3Z2dFaU1BMEdDU3FHU0liM0RRRUIKQVFVQUE0SUJEd0F3Z2dFS0FvSUJBUURkZFJVYTYvYzVLcmNuV0VxcmZCc2ZVdjdrWXROUmlIcW1jUkliREhFLwpGWTBqbXI1M0xiRi9sZVZoYU9HOXhjeHdrcld5dkVmenkyL2VPdSt1c3FOczJHa1EzaGNQVGI1Z1gzeFpuelFXCnNoMXZHaUtMWWNRKzQ0VXBhSlBIQjdWbGhzYXZiRmFNc1h4MjZYWU9lb3Z4bDZTRlhzNFJrV2RabDROY2h0MEIKV2xLRVFkd3JZQVlteGp2cVdLOExOalZQTk1jWHBqeitoWHkxdk1NeDk3ZU1FTWhRcU5BcUpOUXVGbjgzUFl1aAoyMUtINC9tSVNodUtuaGJMQTJtMUc3bC91QWsrZCtReU9paXd5alRvTkNiZ0JNdG5vYWh1bzhGNHV5OXNoZGJ2CithQURLd2ZaV2N5bHpiZ3RyU1ZCNm84dmNHNjhjS3piY1lzSEJXczBqL21EQWdNQkFBR2pRakJBTUE0R0ExVWQKRHdFQi93UUVBd0lDQkRBUEJnTlZIUk1CQWY4RUJUQURBUUgvTUIwR0ExVWREZ1FXQkJUTW5Pd25yNHczRWp4NApkVE1aSlJ2alAzbWlsekFOQmdrcWhraUc5dzBCQVFzRkFBT0NBUUVBZXljWGNjNVRpVTNZT2o3dVVkZkdZeUdOCmJHcmlLYmVucW9aQ1NidGpMT2V6WFZqa0dpblBGV3NsNjhnbDFaYS9vSnlrZ1FIQ0tVa29vSVRNdHh2TGdpdTAKa2hCMlhvYms4OHlrc1N1Wmc0Um9uaDczUzBMMVhDNlpvVDJ5TFozaUtuYmNnM3ZQQ3FudFJhbklHVTZLRkFBcQpjcnJ1QjNUbkF2VGhjbW8wSjczbHgrS01HUkJDQU5aS3JVZjVkd0MxQjB3RUd5UXRGSjlidktJWXRuUUtzOSs4ClhEZStVMlRPWFFhS3FKbitIa3h4VXJhWUVocnlFNnVBVHMybUlMUWVEcnBQbGpsTFBvOFV0dXdqV05ManBZWE0KQ09rRnlCWGpoeGwwV2xmejhYdDNxNzlkY3c2UVhGRjVQWmpJM2NYRzRNUGVaR09HbkRGbko2SkVQeFB1YUE9PQotLS0tLUVORCBDRVJUSUZJQ0FURS0tLS0tCg==",
                "password": "",
                "username": ""
              }
            ],
            "master_authorized_networks_config": [],
            "master_version": "1.19.9-gke.1900",
            "min_master_version": null,
            "monitoring_service": "monitoring.googleapis.com/kubernetes",
            "name": "guestbook-cluster",
            "network": "projects/idyllic-pottery-316421/global/networks/default",
            "network_policy": [
              {
                "enabled": false,
                "provider": "PROVIDER_UNSPECIFIED"
              }
            ],
            "networking_mode": "ROUTES",
            "node_config": [
              {
                "disk_size_gb": 100,
                "disk_type": "pd-standard",
                "guest_accelerator": [],
                "image_type": "COS_CONTAINERD",
                "labels": {},
                "local_ssd_count": 0,
                "machine_type": "n1-standard-1",
                "metadata": {
                  "disable-legacy-endpoints": "true"
                },
                "min_cpu_platform": "",
                "oauth_scopes": [
                  "https://www.googleapis.com/auth/cloud-platform",
                  "https://www.googleapis.com/auth/compute",
                  "https://www.googleapis.com/auth/devstorage.read_only",
                  "https://www.googleapis.com/auth/logging.write",
                  "https://www.googleapis.com/auth/monitoring",
                  "https://www.googleapis.com/auth/service.management.readonly",
                  "https://www.googleapis.com/auth/servicecontrol",
                  "https://www.googleapis.com/auth/trace.append"
                ],
                "preemptible": false,
                "service_account": "965134305713-compute@developer.gserviceaccount.com",
                "shielded_instance_config": [
                  {
                    "enable_integrity_monitoring": true,
                    "enable_secure_boot": false
                  }
                ],
                "tags": null,
                "taint": [],
                "workload_metadata_config": []
              }
            ],
            "node_locations": [
              "northamerica-northeast1-a",
              "northamerica-northeast1-b",
              "northamerica-northeast1-c"
            ],
            "node_pool": [
              {
                "autoscaling": [],
                "initial_node_count": 1,
                "instance_group_urls": [
                  "https://www.googleapis.com/compute/v1/projects/idyllic-pottery-316421/zones/northamerica-northeast1-a/instanceGroupManagers/gke-guestbook-cluster-default-pool-968de3e3-grp",
                  "https://www.googleapis.com/compute/v1/projects/idyllic-pottery-316421/zones/northamerica-northeast1-b/instanceGroupManagers/gke-guestbook-cluster-default-pool-887abd40-grp",
                  "https://www.googleapis.com/compute/v1/projects/idyllic-pottery-316421/zones/northamerica-northeast1-c/instanceGroupManagers/gke-guestbook-cluster-default-pool-6b869e7e-grp"
                ],
                "management": [
                  {
                    "auto_repair": true,
                    "auto_upgrade": true
                  }
                ],
                "max_pods_per_node": 0,
                "name": "default-pool",
                "name_prefix": "",
                "node_config": [
                  {
                    "disk_size_gb": 100,
                    "disk_type": "pd-standard",
                    "guest_accelerator": [],
                    "image_type": "COS_CONTAINERD",
                    "labels": {},
                    "local_ssd_count": 0,
                    "machine_type": "n1-standard-1",
                    "metadata": {
                      "disable-legacy-endpoints": "true"
                    },
                    "min_cpu_platform": "",
                    "oauth_scopes": [
                      "https://www.googleapis.com/auth/cloud-platform",
                      "https://www.googleapis.com/auth/compute",
                      "https://www.googleapis.com/auth/devstorage.read_only",
                      "https://www.googleapis.com/auth/logging.write",
                      "https://www.googleapis.com/auth/monitoring",
                      "https://www.googleapis.com/auth/service.management.readonly",
                      "https://www.googleapis.com/auth/servicecontrol",
                      "https://www.googleapis.com/auth/trace.append"
                    ],
                    "preemptible": false,
                    "service_account": "965134305713-compute@developer.gserviceaccount.com",
                    "shielded_instance_config": [
                      {
                        "enable_integrity_monitoring": true,
                        "enable_secure_boot": false
                      }
                    ],
                    "tags": [],
                    "taint": [],
                    "workload_metadata_config": []
                  }
                ],
                "node_count": 1,
                "node_locations": [
                  "northamerica-northeast1-a",
                  "northamerica-northeast1-b",
                  "northamerica-northeast1-c"
                ],
                "upgrade_settings": [
                  {
                    "max_surge": 1,
                    "max_unavailable": 0
                  }
                ],
                "version": "1.19.9-gke.1900"
              }
            ],
            "node_version": "1.19.9-gke.1900",
            "operation": null,
            "pod_security_policy_config": [],
            "private_cluster_config": [],
            "private_ipv6_google_access": "",
            "project": "idyllic-pottery-316421",
            "release_channel": [
              {
                "channel": "REGULAR"
              }
            ],
            "remove_default_node_pool": null,
            "resource_labels": null,
            "resource_usage_export_config": [],
            "self_link": "https://container.googleapis.com/v1beta1/projects/idyllic-pottery-316421/locations/northamerica-northeast1/clusters/guestbook-cluster",
            "services_ipv4_cidr": "10.3.240.0/20",
            "subnetwork": "projects/idyllic-pottery-316421/regions/northamerica-northeast1/subnetworks/default",
            "timeouts": null,
            "tpu_ipv4_cidr_block": "",
            "vertical_pod_autoscaling": [
              {
                "enabled": true
              }
            ],
            "workload_identity_config": []
          },
          "sensitive_attributes": [],
          "private": "eyJlMmJmYjczMC1lY2FhLTExZTYtOGY4OC0zNDM2M2JjN2M0YzAiOnsiY3JlYXRlIjoyNDAwMDAwMDAwMDAwLCJkZWxldGUiOjI0MDAwMDAwMDAwMDAsInJlYWQiOjI0MDAwMDAwMDAwMDAsInVwZGF0ZSI6MzYwMDAwMDAwMDAwMH0sInNjaGVtYV92ZXJzaW9uIjoiMSJ9"
        }
      ]
    }
  ]
}
